
Microsoft Visual Studio Solution File, Format Version 12.00
# Visual Studio 15
VisualStudioVersion = 15.0.27703.2035
MinimumVisualStudioVersion = 10.0.40219.1
Project("{9A19103F-16F7-4668-BE54-9A1E7A4F7556}") = "ExpenseApprover", "ExpenseApprover\ExpenseApprover.csproj", "{FD1CFEDB-6463-4B17-A615-2B34E5C5D64B}"
EndProject
Global
	GlobalSection(SolutionConfigurationPlatforms) = preSolution
		Debug|Any CPU = Debug|Any CPU
		Release|Any CPU = Release|Any CPU
	EndGlobalSection
	GlobalSection(ProjectConfigurationPlatforms) = postSolution
		{FD1CFEDB-6463-4B17-A615-2B34E5C5D64B}.Debug|Any CPU.ActiveCfg = Debug|Any CPU
		{FD1CFEDB-6463-4B17-A615-2B34E5C5D64B}.Debug|Any CPU.Build.0 = Debug|Any CPU
		{FD1CFEDB-6463-4B17-A615-2B34E5C5D64B}.Release|Any CPU.ActiveCfg = Release|Any CPU
		{FD1CFEDB-6463-4B17-A615-2B34E5C5D64B}.Release|Any CPU.Build.0 = Release|Any CPU
	EndGlobalSection
	GlobalSection(SolutionProperties) = preSolution
		HideSolutionNode = FALSE
	EndGlobalSection
	GlobalSection(ExtensibilityGlobals) = postSolution
		SolutionGuid = {6904ED2F-24B1-464D-BBC1-48762EF81552}
	EndGlobalSection
EndGlobal
